
Microsoft Visual Studio Solution File, Format Version 12.00
# Visual Studio Version 17
VisualStudioVersion = 17.6.33829.357
MinimumVisualStudioVersion = 10.0.40219.1
Project("{FAE04EC0-301F-11D3-BF4B-00C04F79EFBC}") = "TableFootball", "TableFootball\TableFootball.csproj", "{7D59F731-E732-4FCE-ADE5-972C23E01D41}"
EndProject
Project("{FAE04EC0-301F-11D3-BF4B-00C04F79EFBC}") = "TableFootball.Models", "TableFootball.Models\TableFootball.Models.csproj", "{A020AD02-8151-45D3-B62F-E4EB56E3CCE2}"
EndProject
Project("{FAE04EC0-301F-11D3-BF4B-00C04F79EFBC}") = "TableFootball.DataAccess", "TableFootball.DataAccess\TableFootball.DataAccess.csproj", "{CE3CD742-1CA4-448A-8888-7DA300FE20B1}"
EndProject
Global
	GlobalSection(SolutionConfigurationPlatforms) = preSolution
		Debug|Any CPU = Debug|Any CPU
		Release|Any CPU = Release|Any CPU
	EndGlobalSection
	GlobalSection(ProjectConfigurationPlatforms) = postSolution
		{7D59F731-E732-4FCE-ADE5-972C23E01D41}.Debug|Any CPU.ActiveCfg = Debug|Any CPU
		{7D59F731-E732-4FCE-ADE5-972C23E01D41}.Debug|Any CPU.Build.0 = Debug|Any CPU
		{7D59F731-E732-4FCE-ADE5-972C23E01D41}.Release|Any CPU.ActiveCfg = Release|Any CPU
		{7D59F731-E732-4FCE-ADE5-972C23E01D41}.Release|Any CPU.Build.0 = Release|Any CPU
		{A020AD02-8151-45D3-B62F-E4EB56E3CCE2}.Debug|Any CPU.ActiveCfg = Debug|Any CPU
		{A020AD02-8151-45D3-B62F-E4EB56E3CCE2}.Debug|Any CPU.Build.0 = Debug|Any CPU
		{A020AD02-8151-45D3-B62F-E4EB56E3CCE2}.Release|Any CPU.ActiveCfg = Release|Any CPU
		{A020AD02-8151-45D3-B62F-E4EB56E3CCE2}.Release|Any CPU.Build.0 = Release|Any CPU
		{CE3CD742-1CA4-448A-8888-7DA300FE20B1}.Debug|Any CPU.ActiveCfg = Debug|Any CPU
		{CE3CD742-1CA4-448A-8888-7DA300FE20B1}.Debug|Any CPU.Build.0 = Debug|Any CPU
		{CE3CD742-1CA4-448A-8888-7DA300FE20B1}.Release|Any CPU.ActiveCfg = Release|Any CPU
		{CE3CD742-1CA4-448A-8888-7DA300FE20B1}.Release|Any CPU.Build.0 = Release|Any CPU
	EndGlobalSection
	GlobalSection(SolutionProperties) = preSolution
		HideSolutionNode = FALSE
	EndGlobalSection
	GlobalSection(ExtensibilityGlobals) = postSolution
		SolutionGuid = {30195045-9A67-4062-8747-FC622FBA44BD}
	EndGlobalSection
EndGlobal
